
Microsoft Visual Studio Solution File, Format Version 12.00
# Visual Studio 14
VisualStudioVersion = 14.0.25420.1
MinimumVisualStudioVersion = 10.0.40219.1
Project("{FAE04EC0-301F-11D3-BF4B-00C04F79EFBC}") = "ObjectForm", "ObjectForm\ObjectForm.csproj", "{2849881F-ADE6-4D73-9DEB-EE5006D7BFE3}"
EndProject
Project("{FAE04EC0-301F-11D3-BF4B-00C04F79EFBC}") = "ObjectFormWeb", "ObjectFormWeb\ObjectFormWeb.csproj", "{6339F461-9C05-49B0-BAB0-8DB829CD5EF3}"
EndProject
Global
	GlobalSection(SolutionConfigurationPlatforms) = preSolution
		Debug|Any CPU = Debug|Any CPU
		Release|Any CPU = Release|Any CPU
	EndGlobalSection
	GlobalSection(ProjectConfigurationPlatforms) = postSolution
		{2849881F-ADE6-4D73-9DEB-EE5006D7BFE3}.Debug|Any CPU.ActiveCfg = Debug|Any CPU
		{2849881F-ADE6-4D73-9DEB-EE5006D7BFE3}.Debug|Any CPU.Build.0 = Debug|Any CPU
		{2849881F-ADE6-4D73-9DEB-EE5006D7BFE3}.Release|Any CPU.ActiveCfg = Release|Any CPU
		{2849881F-ADE6-4D73-9DEB-EE5006D7BFE3}.Release|Any CPU.Build.0 = Release|Any CPU
		{6339F461-9C05-49B0-BAB0-8DB829CD5EF3}.Debug|Any CPU.ActiveCfg = Debug|Any CPU
		{6339F461-9C05-49B0-BAB0-8DB829CD5EF3}.Debug|Any CPU.Build.0 = Debug|Any CPU
		{6339F461-9C05-49B0-BAB0-8DB829CD5EF3}.Release|Any CPU.ActiveCfg = Release|Any CPU
		{6339F461-9C05-49B0-BAB0-8DB829CD5EF3}.Release|Any CPU.Build.0 = Release|Any CPU
	EndGlobalSection
	GlobalSection(SolutionProperties) = preSolution
		HideSolutionNode = FALSE
	EndGlobalSection
EndGlobal
